hash: 8f1fc60135865bd02ecca893b4005491d00fb267088942b78872f12bae377b9b
updated: 2017-03-13T13:56:39.806706323Z
imports:
- name: github.com/jamesmillerio/go-ifttt-maker
  version: 8c49124eda25bf8e7ae720ab70242957b5a9159f
- name: github.com/paypal/gatt
  version: 4ae819d591cfc94c496c45deb55928469542beec
  subpackages:
  - examples/option
  - linux
  - linux/cmd
  - linux/evt
  - linux/gioctl
  - linux/socket
  - linux/util
  - xpc
- name: github.com/shimomo/ibeacon-scanner
  version: 4797b505ca850dac6b048393de5272191f84b43b
- name: github.com/smallfish/simpleyaml
  version: 0784bcdcc16a2d9ff2a25c44d9c19bfc4aab5624
- name: gopkg.in/yaml.v2
  version: a3f3340b5840cee44f372bddb5880fcbc419b46a
testImports: []
